
Microsoft Visual Studio Solution File, Format Version 12.00
# Visual Studio Version 16
VisualStudioVersion = 16.0.35229.62
MinimumVisualStudioVersion = 10.0.40219.1
Project("{FAE04EC0-301F-11D3-BF4B-00C04F79EFBC}") = "Pesaje_CG", "Pesaje_CG\Pesaje_CG.csproj", "{785563BA-4992-46B3-9D71-5C4D4CEEE218}"
EndProject
Global
	GlobalSection(SolutionConfigurationPlatforms) = preSolution
		Debug|Any CPU = Debug|Any CPU
		Release|Any CPU = Release|Any CPU
	EndGlobalSection
	GlobalSection(ProjectConfigurationPlatforms) = postSolution
		{785563BA-4992-46B3-9D71-5C4D4CEEE218}.Debug|Any CPU.ActiveCfg = Debug|Any CPU
		{785563BA-4992-46B3-9D71-5C4D4CEEE218}.Debug|Any CPU.Build.0 = Debug|Any CPU
		{785563BA-4992-46B3-9D71-5C4D4CEEE218}.Release|Any CPU.ActiveCfg = Release|Any CPU
		{785563BA-4992-46B3-9D71-5C4D4CEEE218}.Release|Any CPU.Build.0 = Release|Any CPU
	EndGlobalSection
	GlobalSection(SolutionProperties) = preSolution
		HideSolutionNode = FALSE
	EndGlobalSection
	GlobalSection(ExtensibilityGlobals) = postSolution
		SolutionGuid = {652775F2-D9AB-48F7-8081-055078052CAE}
	EndGlobalSection
EndGlobal
